// !$*UTF8*$!
{
	archiveVersion = 1;
	classes = {
	};
	objectVersion = 55;
	objects = {

/* Begin PBXBuildFile section */
		A3BF3FAB4996972661C9F77C /* Pods_social_network_appTests.framework in Frameworks */ = {isa = PBXBuildFile; fileRef = FAFD0BD18AB0B279B17557B7 /* Pods_social_network_appTests.framework */; };
		CE035A5E286C8565006D4288 /* AppDelegate.swift in Sources */ = {isa = PBXBuildFile; fileRef = CE035A5D286C8565006D4288 /* AppDelegate.swift */; };
		CE035A60286C8565006D4288 /* SceneDelegate.swift in Sources */ = {isa = PBXBuildFile; fileRef = CE035A5F286C8565006D4288 /* SceneDelegate.swift */; };
		CE035A68286C8565006D4288 /* social_network_app.xcdatamodeld in Sources */ = {isa = PBXBuildFile; fileRef = CE035A66286C8565006D4288 /* social_network_app.xcdatamodeld */; };
		CE035A6A286C8566006D4288 /* Assets.xcassets in Resources */ = {isa = PBXBuildFile; fileRef = CE035A69286C8566006D4288 /* Assets.xcassets */; };
		CE035A6D286C8566006D4288 /* LaunchScreen.storyboard in Resources */ = {isa = PBXBuildFile; fileRef = CE035A6B286C8566006D4288 /* LaunchScreen.storyboard */; };
		CE035A78286C8566006D4288 /* social_network_appTests.swift in Sources */ = {isa = PBXBuildFile; fileRef = CE035A77286C8566006D4288 /* social_network_appTests.swift */; };
		CE035A91286C865E006D4288 /* GoogleService-Info.plist in Resources */ = {isa = PBXBuildFile; fileRef = CE035A90286C865E006D4288 /* GoogleService-Info.plist */; };
		CE0D159F286F752100B3510C /* CoreDataManager.swift in Sources */ = {isa = PBXBuildFile; fileRef = CE0D159E286F752100B3510C /* CoreDataManager.swift */; };
		CE0D15A1286F754A00B3510C /* NetworkManager.swift in Sources */ = {isa = PBXBuildFile; fileRef = CE0D15A0286F754A00B3510C /* NetworkManager.swift */; };
		CE0D15A3286F757500B3510C /* AuthFirebaseManager.swift in Sources */ = {isa = PBXBuildFile; fileRef = CE0D15A2286F757500B3510C /* AuthFirebaseManager.swift */; };
		CE364279288DEE82001DFC99 /* DateExtension.swift in Sources */ = {isa = PBXBuildFile; fileRef = CE364278288DEE82001DFC99 /* DateExtension.swift */; };
		CE36427B288DF066001DFC99 /* ChatListViewModel.swift in Sources */ = {isa = PBXBuildFile; fileRef = CE36427A288DF066001DFC99 /* ChatListViewModel.swift */; };
		CE364282288F90FA001DFC99 /* UITableViewExtension.swift in Sources */ = {isa = PBXBuildFile; fileRef = CE364281288F90FA001DFC99 /* UITableViewExtension.swift */; };
		CE38AEA82881038A00B3128D /* FireStoreManager.swift in Sources */ = {isa = PBXBuildFile; fileRef = CE38AEA72881038A00B3128D /* FireStoreManager.swift */; };
		CE72B1472888E50B00075C01 /* DefaultsManager.swift in Sources */ = {isa = PBXBuildFile; fileRef = CE72B1462888E50B00075C01 /* DefaultsManager.swift */; };
		CE752E962897428F00558467 /* FriendsListViewModel.swift in Sources */ = {isa = PBXBuildFile; fileRef = CE752E952897428F00558467 /* FriendsListViewModel.swift */; };
		CE752E98289742E000558467 /* Friend.swift in Sources */ = {isa = PBXBuildFile; fileRef = CE752E97289742E000558467 /* Friend.swift */; };
		CE752E9C2898673F00558467 /* ButtonsCollectionViewCell.swift in Sources */ = {isa = PBXBuildFile; fileRef = CE752E9A2898673F00558467 /* ButtonsCollectionViewCell.swift */; };
		CE752E9D2898673F00558467 /* ButtonsCollectionViewCell.xib in Resources */ = {isa = PBXBuildFile; fileRef = CE752E9B2898673F00558467 /* ButtonsCollectionViewCell.xib */; };
		CE79F73B28875ACD00A42B4E /* Reaction.swift in Sources */ = {isa = PBXBuildFile; fileRef = CE79F73A28875ACD00A42B4E /* Reaction.swift */; };
		CE84152C2899C6BA00DDD0B0 /* ArrayExtension.swift in Sources */ = {isa = PBXBuildFile; fileRef = CE84152B2899C6BA00DDD0B0 /* ArrayExtension.swift */; };
		CE84152E289A2BD600DDD0B0 /* Main.storyboard in Resources */ = {isa = PBXBuildFile; fileRef = CE84152D289A2BD600DDD0B0 /* Main.storyboard */; };
		CE8E899B287521AB004863A3 /* PostListViewController.swift in Sources */ = {isa = PBXBuildFile; fileRef = CE8E8999287521AB004863A3 /* PostListViewController.swift */; };
		CE8E899C287521AB004863A3 /* PostListViewController.xib in Resources */ = {isa = PBXBuildFile; fileRef = CE8E899A287521AB004863A3 /* PostListViewController.xib */; };
		CE8E89A628768FCE004863A3 /* PostTableViewCell.swift in Sources */ = {isa = PBXBuildFile; fileRef = CE8E89A428768FCE004863A3 /* PostTableViewCell.swift */; };
		CE8E89A728768FCE004863A3 /* PostTableViewCell.xib in Resources */ = {isa = PBXBuildFile; fileRef = CE8E89A528768FCE004863A3 /* PostTableViewCell.xib */; };
		CE8E89AF2877B10E004863A3 /* ChatTableViewCell.swift in Sources */ = {isa = PBXBuildFile; fileRef = CE8E89AD2877B10E004863A3 /* ChatTableViewCell.swift */; };
		CE8E89B02877B10E004863A3 /* ChatTableViewCell.xib in Resources */ = {isa = PBXBuildFile; fileRef = CE8E89AE2877B10E004863A3 /* ChatTableViewCell.xib */; };
		CE8E89B32877B130004863A3 /* ChatListViewController.swift in Sources */ = {isa = PBXBuildFile; fileRef = CE8E89B12877B130004863A3 /* ChatListViewController.swift */; };
		CE8E89B42877B130004863A3 /* ChatListViewController.xib in Resources */ = {isa = PBXBuildFile; fileRef = CE8E89B22877B130004863A3 /* ChatListViewController.xib */; };
		CE8E89B62877B6C1004863A3 /* UIImageExtension.swift in Sources */ = {isa = PBXBuildFile; fileRef = CE8E89B52877B6C1004863A3 /* UIImageExtension.swift */; };
		CE8E89C82877BB75004863A3 /* FriendTableViewCell.swift in Sources */ = {isa = PBXBuildFile; fileRef = CE8E89C62877BB75004863A3 /* FriendTableViewCell.swift */; };
		CE8E89C92877BB75004863A3 /* FriendTableViewCell.xib in Resources */ = {isa = PBXBuildFile; fileRef = CE8E89C72877BB75004863A3 /* FriendTableViewCell.xib */; };
		CE8E89CC2877BBB0004863A3 /* FriendListViewController.swift in Sources */ = {isa = PBXBuildFile; fileRef = CE8E89CA2877BBB0004863A3 /* FriendListViewController.swift */; };
		CE8E89CD2877BBB0004863A3 /* FriendListViewController.xib in Resources */ = {isa = PBXBuildFile; fileRef = CE8E89CB2877BBB0004863A3 /* FriendListViewController.xib */; };
		CEA156662877C16700EDE66D /* SettingsViewController.swift in Sources */ = {isa = PBXBuildFile; fileRef = CEA156642877C16700EDE66D /* SettingsViewController.swift */; };
		CEA156672877C16700EDE66D /* SettingsViewController.xib in Resources */ = {isa = PBXBuildFile; fileRef = CEA156652877C16700EDE66D /* SettingsViewController.xib */; };
		CEAEFD7428865D840098CD03 /* ErrorAlert.swift in Sources */ = {isa = PBXBuildFile; fileRef = CEAEFD7228865D840098CD03 /* ErrorAlert.swift */; };
		CEAEFD7528865D840098CD03 /* ConfirmAlertViewController.swift in Sources */ = {isa = PBXBuildFile; fileRef = CEAEFD7328865D840098CD03 /* ConfirmAlertViewController.swift */; };
		CEAEFD7728865F190098CD03 /* UIViewControllerExtension.swift in Sources */ = {isa = PBXBuildFile; fileRef = CEAEFD7628865F190098CD03 /* UIViewControllerExtension.swift */; };
		CEC2BBD4286C8CC70093E307 /* User.swift in Sources */ = {isa = PBXBuildFile; fileRef = CEC2BBD3286C8CC70093E307 /* User.swift */; };
		CEC2BBD6286C8CE10093E307 /* BaseModel.swift in Sources */ = {isa = PBXBuildFile; fileRef = CEC2BBD5286C8CE10093E307 /* BaseModel.swift */; };
		CEC2BBDA286C8D440093E307 /* FirebaseManager.swift in Sources */ = {isa = PBXBuildFile; fileRef = CEC2BBD9286C8D440093E307 /* FirebaseManager.swift */; };
		CEC2BBDE286C8EB10093E307 /* EncodableExtension.swift in Sources */ = {isa = PBXBuildFile; fileRef = CEC2BBDD286C8EB10093E307 /* EncodableExtension.swift */; };
		CEC2D214288A469500343AAB /* LoginViewController.xib in Resources */ = {isa = PBXBuildFile; fileRef = CEC2D212288A469500343AAB /* LoginViewController.xib */; };
		CEC2D215288A469500343AAB /* LoginViewController.swift in Sources */ = {isa = PBXBuildFile; fileRef = CEC2D213288A469500343AAB /* LoginViewController.swift */; };
		CEC2D218288A46A300343AAB /* SignUpViewController.swift in Sources */ = {isa = PBXBuildFile; fileRef = CEC2D216288A46A300343AAB /* SignUpViewController.swift */; };
		CEC2D219288A46A300343AAB /* SignUpViewController.xib in Resources */ = {isa = PBXBuildFile; fileRef = CEC2D217288A46A300343AAB /* SignUpViewController.xib */; };
		CED7417D287B3683000C2AB5 /* UIColorExtension.swift in Sources */ = {isa = PBXBuildFile; fileRef = CED7417C287B3683000C2AB5 /* UIColorExtension.swift */; };
		CED74184287B6211000C2AB5 /* ChatDetailViewController.swift in Sources */ = {isa = PBXBuildFile; fileRef = CED74182287B6211000C2AB5 /* ChatDetailViewController.swift */; };
		CED74185287B6211000C2AB5 /* ChatDetailViewController.xib in Resources */ = {isa = PBXBuildFile; fileRef = CED74183287B6211000C2AB5 /* ChatDetailViewController.xib */; };
		CED74188287B7E77000C2AB5 /* SentMessagesTableViewCell.swift in Sources */ = {isa = PBXBuildFile; fileRef = CED74186287B7E77000C2AB5 /* SentMessagesTableViewCell.swift */; };
		CED74189287B7E77000C2AB5 /* SentMessagesTableViewCell.xib in Resources */ = {isa = PBXBuildFile; fileRef = CED74187287B7E77000C2AB5 /* SentMessagesTableViewCell.xib */; };
		CED7418D287B7E9D000C2AB5 /* RecievedMessageTableViewCell.swift in Sources */ = {isa = PBXBuildFile; fileRef = CED7418B287B7E9D000C2AB5 /* RecievedMessageTableViewCell.swift */; };
		CED7418E287B7E9D000C2AB5 /* RecievedMessageTableViewCell.xib in Resources */ = {isa = PBXBuildFile; fileRef = CED7418C287B7E9D000C2AB5 /* RecievedMessageTableViewCell.xib */; };
		CED74190287B8607000C2AB5 /* UIViewExtension.swift in Sources */ = {isa = PBXBuildFile; fileRef = CED7418F287B8607000C2AB5 /* UIViewExtension.swift */; };
		CED74198287BB942000C2AB5 /* StringExtension.swift in Sources */ = {isa = PBXBuildFile; fileRef = CED74197287BB942000C2AB5 /* StringExtension.swift */; };
		CED7419F287BC5B2000C2AB5 /* ProfileViewController.swift in Sources */ = {isa = PBXBuildFile; fileRef = CED7419D287BC5B2000C2AB5 /* ProfileViewController.swift */; };
		CED741A0287BC5B2000C2AB5 /* ProfileViewController.xib in Resources */ = {isa = PBXBuildFile; fileRef = CED7419E287BC5B2000C2AB5 /* ProfileViewController.xib */; };
		CED741A3287D295A000C2AB5 /* PostTableViewModel.swift in Sources */ = {isa = PBXBuildFile; fileRef = CED741A2287D295A000C2AB5 /* PostTableViewModel.swift */; };
		CED741A5287D2A0D000C2AB5 /* Post.swift in Sources */ = {isa = PBXBuildFile; fileRef = CED741A4287D2A0D000C2AB5 /* Post.swift */; };
		CED741A7287D2B52000C2AB5 /* ProfileViewModel.swift in Sources */ = {isa = PBXBuildFile; fileRef = CED741A6287D2B52000C2AB5 /* ProfileViewModel.swift */; };
		CED741A9287D2C25000C2AB5 /* SettingsViewModel.swift in Sources */ = {isa = PBXBuildFile; fileRef = CED741A8287D2C25000C2AB5 /* SettingsViewModel.swift */; };
		CED741AB287D2C41000C2AB5 /* ChatDetailViewModel.swift in Sources */ = {isa = PBXBuildFile; fileRef = CED741AA287D2C41000C2AB5 /* ChatDetailViewModel.swift */; };
		CED741AD287D2C7F000C2AB5 /* Chat.swift in Sources */ = {isa = PBXBuildFile; fileRef = CED741AC287D2C7F000C2AB5 /* Chat.swift */; };
		CEF3F9BC28812264007A642E /* FirebaseAnalytics in Frameworks */ = {isa = PBXBuildFile; productRef = CEF3F9BB28812264007A642E /* FirebaseAnalytics */; };
		CEF3F9BE28812264007A642E /* FirebaseAuth in Frameworks */ = {isa = PBXBuildFile; productRef = CEF3F9BD28812264007A642E /* FirebaseAuth */; };
		CEF3F9C028812264007A642E /* FirebaseFirestore in Frameworks */ = {isa = PBXBuildFile; productRef = CEF3F9BF28812264007A642E /* FirebaseFirestore */; };
		CEF3F9C228812264007A642E /* FirebaseStorage in Frameworks */ = {isa = PBXBuildFile; productRef = CEF3F9C128812264007A642E /* FirebaseStorage */; };
		CEF3F9C8288125F7007A642E /* DeviceImageLibraryViewController.swift in Sources */ = {isa = PBXBuildFile; fileRef = CEF3F9C6288125F7007A642E /* DeviceImageLibraryViewController.swift */; };
		CEF3F9C9288125F7007A642E /* ImagePickerViewController.swift in Sources */ = {isa = PBXBuildFile; fileRef = CEF3F9C7288125F7007A642E /* ImagePickerViewController.swift */; };
		CEF3F9CB28813996007A642E /* ImageManager.swift in Sources */ = {isa = PBXBuildFile; fileRef = CEF3F9CA28813996007A642E /* ImageManager.swift */; };
		CEF3F9D9288462DF007A642E /* PostDetailViewController.swift in Sources */ = {isa = PBXBuildFile; fileRef = CEF3F9D7288462DF007A642E /* PostDetailViewController.swift */; };
		CEF3F9DA288462DF007A642E /* PostDetailViewController.xib in Resources */ = {isa = PBXBuildFile; fileRef = CEF3F9D8288462DF007A642E /* PostDetailViewController.xib */; };
		F3630EAB3494EB0D8DFE0AA5 /* Pods_social_network_app.framework in Frameworks */ = {isa = PBXBuildFile; fileRef = 804B219F0BC87E9BACFE4E36 /* Pods_social_network_app.framework */; };
/* End PBXBuildFile section */

/* Begin PBXContainerItemProxy section */
		CE035A74286C8566006D4288 /* PBXContainerItemProxy */ = {
			isa = PBXContainerItemProxy;
			containerPortal = CE035A52286C8565006D4288 /* Project object */;
			proxyType = 1;
			remoteGlobalIDString = CE035A59286C8565006D4288;
			remoteInfo = "social-network-app";
		};
/* End PBXContainerItemProxy section */

/* Begin PBXFileReference section */
		0D1E910C8CA6543CEBF361E1 /* Pods-social-network-app.release.xcconfig */ = {isa = PBXFileReference; includeInIndex = 1; lastKnownFileType = text.xcconfig; name = "Pods-social-network-app.release.xcconfig"; path = "Target Support Files/Pods-social-network-app/Pods-social-network-app.release.xcconfig"; sourceTree = "<group>"; };
		2D4E336DEB4C63A6ED070B6F /* Pods-social-network-appTests.release.xcconfig */ = {isa = PBXFileReference; includeInIndex = 1; lastKnownFileType = text.xcconfig; name = "Pods-social-network-appTests.release.xcconfig"; path = "Target Support Files/Pods-social-network-appTests/Pods-social-network-appTests.release.xcconfig"; sourceTree = "<group>"; };
		31595CEFFF94EFC232808D6C /* Pods-social-network-app.debug.xcconfig */ = {isa = PBXFileReference; includeInIndex = 1; lastKnownFileType = text.xcconfig; name = "Pods-social-network-app.debug.xcconfig"; path = "Target Support Files/Pods-social-network-app/Pods-social-network-app.debug.xcconfig"; sourceTree = "<group>"; };
		31CB66FC0D8D50985CAC5FF5 /* Pods-social-network-appTests.debug.xcconfig */ = {isa = PBXFileReference; includeInIndex = 1; lastKnownFileType = text.xcconfig; name = "Pods-social-network-appTests.debug.xcconfig"; path = "Target Support Files/Pods-social-network-appTests/Pods-social-network-appTests.debug.xcconfig"; sourceTree = "<group>"; };
		804B219F0BC87E9BACFE4E36 /* Pods_social_network_app.framework */ = {isa = PBXFileReference; explicitFileType = wrapper.framework; includeInIndex = 0; path = Pods_social_network_app.framework; sourceTree = BUILT_PRODUCTS_DIR; };
		CE035A5A286C8565006D4288 /* social-network-app.app */ = {isa = PBXFileReference; explicitFileType = wrapper.application; includeInIndex = 0; path = "social-network-app.app"; sourceTree = BUILT_PRODUCTS_DIR; };
		CE035A5D286C8565006D4288 /* AppDelegate.swift */ = {isa = PBXFileReference; lastKnownFileType = sourcecode.swift; path = AppDelegate.swift; sourceTree = "<group>"; };
		CE035A5F286C8565006D4288 /* SceneDelegate.swift */ = {isa = PBXFileReference; lastKnownFileType = sourcecode.swift; path = SceneDelegate.swift; sourceTree = "<group>"; };
		CE035A67286C8565006D4288 /* social_network_app.xcdatamodel */ = {isa = PBXFileReference; lastKnownFileType = wrapper.xcdatamodel; path = social_network_app.xcdatamodel; sourceTree = "<group>"; };
		CE035A69286C8566006D4288 /* Assets.xcassets */ = {isa = PBXFileReference; lastKnownFileType = folder.assetcatalog; path = Assets.xcassets; sourceTree = "<group>"; };
		CE035A6C286C8566006D4288 /* Base */ = {isa = PBXFileReference; lastKnownFileType = file.storyboard; name = Base; path = Base.lproj/LaunchScreen.storyboard; sourceTree = "<group>"; };
		CE035A6E286C8566006D4288 /* Info.plist */ = {isa = PBXFileReference; lastKnownFileType = text.plist.xml; path = Info.plist; sourceTree = "<group>"; };
		CE035A73286C8566006D4288 /* social-network-appTests.xctest */ = {isa = PBXFileReference; explicitFileType = wrapper.cfbundle; includeInIndex = 0; path = "social-network-appTests.xctest"; sourceTree = BUILT_PRODUCTS_DIR; };
		CE035A77286C8566006D4288 /* social_network_appTests.swift */ = {isa = PBXFileReference; lastKnownFileType = sourcecode.swift; path = social_network_appTests.swift; sourceTree = "<group>"; };
		CE035A90286C865E006D4288 /* GoogleService-Info.plist */ = {isa = PBXFileReference; fileEncoding = 4; lastKnownFileType = text.plist.xml; path = "GoogleService-Info.plist"; sourceTree = "<group>"; };
		CE0D159E286F752100B3510C /* CoreDataManager.swift */ = {isa = PBXFileReference; lastKnownFileType = sourcecode.swift; path = CoreDataManager.swift; sourceTree = "<group>"; };
		CE0D15A0286F754A00B3510C /* NetworkManager.swift */ = {isa = PBXFileReference; lastKnownFileType = sourcecode.swift; path = NetworkManager.swift; sourceTree = "<group>"; };
		CE0D15A2286F757500B3510C /* AuthFirebaseManager.swift */ = {isa = PBXFileReference; lastKnownFileType = sourcecode.swift; path = AuthFirebaseManager.swift; sourceTree = "<group>"; };
		CE364278288DEE82001DFC99 /* DateExtension.swift */ = {isa = PBXFileReference; lastKnownFileType = sourcecode.swift; path = DateExtension.swift; sourceTree = "<group>"; };
		CE36427A288DF066001DFC99 /* ChatListViewModel.swift */ = {isa = PBXFileReference; lastKnownFileType = sourcecode.swift; path = ChatListViewModel.swift; sourceTree = "<group>"; };
		CE364281288F90FA001DFC99 /* UITableViewExtension.swift */ = {isa = PBXFileReference; lastKnownFileType = sourcecode.swift; path = UITableViewExtension.swift; sourceTree = "<group>"; };
		CE38AEA72881038A00B3128D /* FireStoreManager.swift */ = {isa = PBXFileReference; lastKnownFileType = sourcecode.swift; path = FireStoreManager.swift; sourceTree = "<group>"; };
		CE72B1462888E50B00075C01 /* DefaultsManager.swift */ = {isa = PBXFileReference; lastKnownFileType = sourcecode.swift; path = DefaultsManager.swift; sourceTree = "<group>"; };
		CE752E952897428F00558467 /* FriendsListViewModel.swift */ = {isa = PBXFileReference; lastKnownFileType = sourcecode.swift; path = FriendsListViewModel.swift; sourceTree = "<group>"; };
		CE752E97289742E000558467 /* Friend.swift */ = {isa = PBXFileReference; lastKnownFileType = sourcecode.swift; path = Friend.swift; sourceTree = "<group>"; };
		CE752E9A2898673F00558467 /* ButtonsCollectionViewCell.swift */ = {isa = PBXFileReference; lastKnownFileType = sourcecode.swift; path = ButtonsCollectionViewCell.swift; sourceTree = "<group>"; };
		CE752E9B2898673F00558467 /* ButtonsCollectionViewCell.xib */ = {isa = PBXFileReference; lastKnownFileType = file.xib; path = ButtonsCollectionViewCell.xib; sourceTree = "<group>"; };
		CE79F73A28875ACD00A42B4E /* Reaction.swift */ = {isa = PBXFileReference; lastKnownFileType = sourcecode.swift; path = Reaction.swift; sourceTree = "<group>"; };
		CE84152B2899C6BA00DDD0B0 /* ArrayExtension.swift */ = {isa = PBXFileReference; lastKnownFileType = sourcecode.swift; path = ArrayExtension.swift; sourceTree = "<group>"; };
		CE84152D289A2BD600DDD0B0 /* Main.storyboard */ = {isa = PBXFileReference; fileEncoding = 4; lastKnownFileType = file.storyboard; path = Main.storyboard; sourceTree = "<group>"; };
		CE8E8999287521AB004863A3 /* PostListViewController.swift */ = {isa = PBXFileReference; lastKnownFileType = sourcecode.swift; path = PostListViewController.swift; sourceTree = "<group>"; };
		CE8E899A287521AB004863A3 /* PostListViewController.xib */ = {isa = PBXFileReference; lastKnownFileType = file.xib; path = PostListViewController.xib; sourceTree = "<group>"; };
		CE8E89A428768FCE004863A3 /* PostTableViewCell.swift */ = {isa = PBXFileReference; lastKnownFileType = sourcecode.swift; path = PostTableViewCell.swift; sourceTree = "<group>"; };
		CE8E89A528768FCE004863A3 /* PostTableViewCell.xib */ = {isa = PBXFileReference; lastKnownFileType = file.xib; path = PostTableViewCell.xib; sourceTree = "<group>"; };
		CE8E89AD2877B10E004863A3 /* ChatTableViewCell.swift */ = {isa = PBXFileReference; lastKnownFileType = sourcecode.swift; path = ChatTableViewCell.swift; sourceTree = "<group>"; };
		CE8E89AE2877B10E004863A3 /* ChatTableViewCell.xib */ = {isa = PBXFileReference; lastKnownFileType = file.xib; path = ChatTableViewCell.xib; sourceTree = "<group>"; };
		CE8E89B12877B130004863A3 /* ChatListViewController.swift */ = {isa = PBXFileReference; lastKnownFileType = sourcecode.swift; path = ChatListViewController.swift; sourceTree = "<group>"; };
		CE8E89B22877B130004863A3 /* ChatListViewController.xib */ = {isa = PBXFileReference; lastKnownFileType = file.xib; path = ChatListViewController.xib; sourceTree = "<group>"; };
		CE8E89B52877B6C1004863A3 /* UIImageExtension.swift */ = {isa = PBXFileReference; lastKnownFileType = sourcecode.swift; path = UIImageExtension.swift; sourceTree = "<group>"; };
		CE8E89C62877BB75004863A3 /* FriendTableViewCell.swift */ = {isa = PBXFileReference; lastKnownFileType = sourcecode.swift; path = FriendTableViewCell.swift; sourceTree = "<group>"; };
		CE8E89C72877BB75004863A3 /* FriendTableViewCell.xib */ = {isa = PBXFileReference; lastKnownFileType = file.xib; path = FriendTableViewCell.xib; sourceTree = "<group>"; };
		CE8E89CA2877BBB0004863A3 /* FriendListViewController.swift */ = {isa = PBXFileReference; lastKnownFileType = sourcecode.swift; path = FriendListViewController.swift; sourceTree = "<group>"; };
		CE8E89CB2877BBB0004863A3 /* FriendListViewController.xib */ = {isa = PBXFileReference; lastKnownFileType = file.xib; path = FriendListViewController.xib; sourceTree = "<group>"; };
		CEA156642877C16700EDE66D /* SettingsViewController.swift */ = {isa = PBXFileReference; lastKnownFileType = sourcecode.swift; path = SettingsViewController.swift; sourceTree = "<group>"; };
		CEA156652877C16700EDE66D /* SettingsViewController.xib */ = {isa = PBXFileReference; lastKnownFileType = file.xib; path = SettingsViewController.xib; sourceTree = "<group>"; };
		CEAEFD7228865D840098CD03 /* ErrorAlert.swift */ = {isa = PBXFileReference; fileEncoding = 4; lastKnownFileType = sourcecode.swift; path = ErrorAlert.swift; sourceTree = "<group>"; };
		CEAEFD7328865D840098CD03 /* ConfirmAlertViewController.swift */ = {isa = PBXFileReference; fileEncoding = 4; lastKnownFileType = sourcecode.swift; path = ConfirmAlertViewController.swift; sourceTree = "<group>"; };
		CEAEFD7628865F190098CD03 /* UIViewControllerExtension.swift */ = {isa = PBXFileReference; lastKnownFileType = sourcecode.swift; path = UIViewControllerExtension.swift; sourceTree = "<group>"; };
		CEC2BBD3286C8CC70093E307 /* User.swift */ = {isa = PBXFileReference; lastKnownFileType = sourcecode.swift; path = User.swift; sourceTree = "<group>"; };
		CEC2BBD5286C8CE10093E307 /* BaseModel.swift */ = {isa = PBXFileReference; lastKnownFileType = sourcecode.swift; path = BaseModel.swift; sourceTree = "<group>"; };
		CEC2BBD9286C8D440093E307 /* FirebaseManager.swift */ = {isa = PBXFileReference; lastKnownFileType = sourcecode.swift; path = FirebaseManager.swift; sourceTree = "<group>"; };
		CEC2BBDD286C8EB10093E307 /* EncodableExtension.swift */ = {isa = PBXFileReference; lastKnownFileType = sourcecode.swift; path = EncodableExtension.swift; sourceTree = "<group>"; };
		CEC2D212288A469500343AAB /* LoginViewController.xib */ = {isa = PBXFileReference; fileEncoding = 4; lastKnownFileType = file.xib; path = LoginViewController.xib; sourceTree = "<group>"; };
		CEC2D213288A469500343AAB /* LoginViewController.swift */ = {isa = PBXFileReference; fileEncoding = 4; lastKnownFileType = sourcecode.swift; path = LoginViewController.swift; sourceTree = "<group>"; };
		CEC2D216288A46A300343AAB /* SignUpViewController.swift */ = {isa = PBXFileReference; fileEncoding = 4; lastKnownFileType = sourcecode.swift; path = SignUpViewController.swift; sourceTree = "<group>"; };
		CEC2D217288A46A300343AAB /* SignUpViewController.xib */ = {isa = PBXFileReference; fileEncoding = 4; lastKnownFileType = file.xib; path = SignUpViewController.xib; sourceTree = "<group>"; };
		CED7417C287B3683000C2AB5 /* UIColorExtension.swift */ = {isa = PBXFileReference; lastKnownFileType = sourcecode.swift; path = UIColorExtension.swift; sourceTree = "<group>"; };
		CED74182287B6211000C2AB5 /* ChatDetailViewController.swift */ = {isa = PBXFileReference; lastKnownFileType = sourcecode.swift; path = ChatDetailViewController.swift; sourceTree = "<group>"; };
		CED74183287B6211000C2AB5 /* ChatDetailViewController.xib */ = {isa = PBXFileReference; lastKnownFileType = file.xib; path = ChatDetailViewController.xib; sourceTree = "<group>"; };
		CED74186287B7E77000C2AB5 /* SentMessagesTableViewCell.swift */ = {isa = PBXFileReference; lastKnownFileType = sourcecode.swift; path = SentMessagesTableViewCell.swift; sourceTree = "<group>"; };
		CED74187287B7E77000C2AB5 /* SentMessagesTableViewCell.xib */ = {isa = PBXFileReference; lastKnownFileType = file.xib; path = SentMessagesTableViewCell.xib; sourceTree = "<group>"; };
		CED7418B287B7E9D000C2AB5 /* RecievedMessageTableViewCell.swift */ = {isa = PBXFileReference; lastKnownFileType = sourcecode.swift; path = RecievedMessageTableViewCell.swift; sourceTree = "<group>"; };
		CED7418C287B7E9D000C2AB5 /* RecievedMessageTableViewCell.xib */ = {isa = PBXFileReference; lastKnownFileType = file.xib; path = RecievedMessageTableViewCell.xib; sourceTree = "<group>"; };
		CED7418F287B8607000C2AB5 /* UIViewExtension.swift */ = {isa = PBXFileReference; lastKnownFileType = sourcecode.swift; path = UIViewExtension.swift; sourceTree = "<group>"; };
		CED74197287BB942000C2AB5 /* StringExtension.swift */ = {isa = PBXFileReference; lastKnownFileType = sourcecode.swift; path = StringExtension.swift; sourceTree = "<group>"; };
		CED7419D287BC5B2000C2AB5 /* ProfileViewController.swift */ = {isa = PBXFileReference; lastKnownFileType = sourcecode.swift; path = ProfileViewController.swift; sourceTree = "<group>"; };
		CED7419E287BC5B2000C2AB5 /* ProfileViewController.xib */ = {isa = PBXFileReference; lastKnownFileType = file.xib; path = ProfileViewController.xib; sourceTree = "<group>"; };
		CED741A2287D295A000C2AB5 /* PostTableViewModel.swift */ = {isa = PBXFileReference; lastKnownFileType = sourcecode.swift; path = PostTableViewModel.swift; sourceTree = "<group>"; };
		CED741A4287D2A0D000C2AB5 /* Post.swift */ = {isa = PBXFileReference; lastKnownFileType = sourcecode.swift; path = Post.swift; sourceTree = "<group>"; };
		CED741A6287D2B52000C2AB5 /* ProfileViewModel.swift */ = {isa = PBXFileReference; lastKnownFileType = sourcecode.swift; path = ProfileViewModel.swift; sourceTree = "<group>"; };
		CED741A8287D2C25000C2AB5 /* SettingsViewModel.swift */ = {isa = PBXFileReference; lastKnownFileType = sourcecode.swift; path = SettingsViewModel.swift; sourceTree = "<group>"; };
		CED741AA287D2C41000C2AB5 /* ChatDetailViewModel.swift */ = {isa = PBXFileReference; lastKnownFileType = sourcecode.swift; path = ChatDetailViewModel.swift; sourceTree = "<group>"; };
		CED741AC287D2C7F000C2AB5 /* Chat.swift */ = {isa = PBXFileReference; lastKnownFileType = sourcecode.swift; path = Chat.swift; sourceTree = "<group>"; };
		CEF3F9C6288125F7007A642E /* DeviceImageLibraryViewController.swift */ = {isa = PBXFileReference; fileEncoding = 4; lastKnownFileType = sourcecode.swift; path = DeviceImageLibraryViewController.swift; sourceTree = "<group>"; };
		CEF3F9C7288125F7007A642E /* ImagePickerViewController.swift */ = {isa = PBXFileReference; fileEncoding = 4; lastKnownFileType = sourcecode.swift; path = ImagePickerViewController.swift; sourceTree = "<group>"; };
		CEF3F9CA28813996007A642E /* ImageManager.swift */ = {isa = PBXFileReference; fileEncoding = 4; lastKnownFileType = sourcecode.swift; path = ImageManager.swift; sourceTree = "<group>"; };
		CEF3F9D7288462DF007A642E /* PostDetailViewController.swift */ = {isa = PBXFileReference; lastKnownFileType = sourcecode.swift; path = PostDetailViewController.swift; sourceTree = "<group>"; };
		CEF3F9D8288462DF007A642E /* PostDetailViewController.xib */ = {isa = PBXFileReference; lastKnownFileType = file.xib; path = PostDetailViewController.xib; sourceTree = "<group>"; };
		FAFD0BD18AB0B279B17557B7 /* Pods_social_network_appTests.framework */ = {isa = PBXFileReference; explicitFileType = wrapper.framework; includeInIndex = 0; path = Pods_social_network_appTests.framework; sourceTree = BUILT_PRODUCTS_DIR; };
/* End PBXFileReference section */

/* Begin PBXFrameworksBuildPhase section */
		CE035A57286C8565006D4288 /* Frameworks */ = {
			isa = PBXFrameworksBuildPhase;
			buildActionMask = 2147483647;
			files = (
				CEF3F9BC28812264007A642E /* FirebaseAnalytics in Frameworks */,
				CEF3F9C228812264007A642E /* FirebaseStorage in Frameworks */,
				CEF3F9BE28812264007A642E /* FirebaseAuth in Frameworks */,
				CEF3F9C028812264007A642E /* FirebaseFirestore in Frameworks */,
				F3630EAB3494EB0D8DFE0AA5 /* Pods_social_network_app.framework in Frameworks */,
			);
			runOnlyForDeploymentPostprocessing = 0;
		};
		CE035A70286C8566006D4288 /* Frameworks */ = {
			isa = PBXFrameworksBuildPhase;
			buildActionMask = 2147483647;
			files = (
				A3BF3FAB4996972661C9F77C /* Pods_social_network_appTests.framework in Frameworks */,
			);
			runOnlyForDeploymentPostprocessing = 0;
		};
/* End PBXFrameworksBuildPhase section */

/* Begin PBXGroup section */
		9B659699A4880BF02B501585 /* Frameworks */ = {
			isa = PBXGroup;
			children = (
				804B219F0BC87E9BACFE4E36 /* Pods_social_network_app.framework */,
				FAFD0BD18AB0B279B17557B7 /* Pods_social_network_appTests.framework */,
			);
			name = Frameworks;
			sourceTree = "<group>";
		};
		9EE0EF95BF4AC3887B4B77C2 /* Pods */ = {
			isa = PBXGroup;
			children = (
				31595CEFFF94EFC232808D6C /* Pods-social-network-app.debug.xcconfig */,
				0D1E910C8CA6543CEBF361E1 /* Pods-social-network-app.release.xcconfig */,
				31CB66FC0D8D50985CAC5FF5 /* Pods-social-network-appTests.debug.xcconfig */,
				2D4E336DEB4C63A6ED070B6F /* Pods-social-network-appTests.release.xcconfig */,
			);
			path = Pods;
			sourceTree = "<group>";
		};
		CE035A51286C8565006D4288 = {
			isa = PBXGroup;
			children = (
				CE035A5C286C8565006D4288 /* social-network-app */,
				CE035A76286C8566006D4288 /* social-network-appTests */,
				CE035A5B286C8565006D4288 /* Products */,
				9EE0EF95BF4AC3887B4B77C2 /* Pods */,
				9B659699A4880BF02B501585 /* Frameworks */,
			);
			sourceTree = "<group>";
		};
		CE035A5B286C8565006D4288 /* Products */ = {
			isa = PBXGroup;
			children = (
				CE035A5A286C8565006D4288 /* social-network-app.app */,
				CE035A73286C8566006D4288 /* social-network-appTests.xctest */,
			);
			name = Products;
			sourceTree = "<group>";
		};
		CE035A5C286C8565006D4288 /* social-network-app */ = {
			isa = PBXGroup;
			children = (
				CE0D15A4286F75B600B3510C /* modules */,
				CEC2BBDB286C8E7D0093E307 /* utilities */,
				CEC2BBD1286C8CB80093E307 /* repository */,
				CE035A90286C865E006D4288 /* GoogleService-Info.plist */,
				CE035A5D286C8565006D4288 /* AppDelegate.swift */,
				CE84152D289A2BD600DDD0B0 /* Main.storyboard */,
				CE035A5F286C8565006D4288 /* SceneDelegate.swift */,
				CE035A69286C8566006D4288 /* Assets.xcassets */,
				CE035A6B286C8566006D4288 /* LaunchScreen.storyboard */,
				CE035A6E286C8566006D4288 /* Info.plist */,
				CE035A66286C8565006D4288 /* social_network_app.xcdatamodeld */,
			);
			path = "social-network-app";
			sourceTree = "<group>";
		};
		CE035A76286C8566006D4288 /* social-network-appTests */ = {
			isa = PBXGroup;
			children = (
				CE035A77286C8566006D4288 /* social_network_appTests.swift */,
			);
			path = "social-network-appTests";
			sourceTree = "<group>";
		};
		CE0D159A286F74E400B3510C /* local */ = {
			isa = PBXGroup;
			children = (
				CE0D159D286F751100B3510C /* managers */,
			);
			path = local;
			sourceTree = "<group>";
		};
		CE0D159D286F751100B3510C /* managers */ = {
			isa = PBXGroup;
			children = (
				CEF3F9CA28813996007A642E /* ImageManager.swift */,
				CE0D159E286F752100B3510C /* CoreDataManager.swift */,
				CE72B1462888E50B00075C01 /* DefaultsManager.swift */,
			);
			path = managers;
			sourceTree = "<group>";
		};
		CE0D15A4286F75B600B3510C /* modules */ = {
			isa = PBXGroup;
			children = (
				CED74199287BC579000C2AB5 /* profile */,
				CEA156602877C12B00EDE66D /* settings */,
				CE8E89A82877B093004863A3 /* chats */,
				CE0D15A8286F75D900B3510C /* posts */,
				CE0D15A6286F75CA00B3510C /* friendList */,
				CE0D15A5286F75C200B3510C /* auth */,
			);
			path = modules;
			sourceTree = "<group>";
		};
		CE0D15A5286F75C200B3510C /* auth */ = {
			isa = PBXGroup;
			children = (
				CE0D15AD286F767900B3510C /* login */,
				CE0D15A9286F764700B3510C /* signup */,
			);
			path = auth;
			sourceTree = "<group>";
		};
		CE0D15A6286F75CA00B3510C /* friendList */ = {
			isa = PBXGroup;
			children = (
				CE8E89C52877BB32004863A3 /* views */,
				CE8E89C42877BB2D004863A3 /* viewModels */,
				CE8E89C32877BB22004863A3 /* controllers */,
			);
			path = friendList;
			sourceTree = "<group>";
		};
		CE0D15A8286F75D900B3510C /* posts */ = {
			isa = PBXGroup;
			children = (
				CEF3F9D6288462BB007A642E /* postDetail */,
				CE0D15B7286F775300B3510C /* postList */,
			);
			path = posts;
			sourceTree = "<group>";
		};
		CE0D15A9286F764700B3510C /* signup */ = {
			isa = PBXGroup;
			children = (
				CE0D15AC286F766D00B3510C /* controllers */,
				CE0D15AB286F766600B3510C /* viewModels */,
				CE0D15AA286F765D00B3510C /* views */,
			);
			path = signup;
			sourceTree = "<group>";
		};
		CE0D15AA286F765D00B3510C /* views */ = {
			isa = PBXGroup;
			children = (
				CEC2D216288A46A300343AAB /* SignUpViewController.swift */,
				CEC2D217288A46A300343AAB /* SignUpViewController.xib */,
			);
			path = views;
			sourceTree = "<group>";
		};
		CE0D15AB286F766600B3510C /* viewModels */ = {
			isa = PBXGroup;
			children = (
			);
			path = viewModels;
			sourceTree = "<group>";
		};
		CE0D15AC286F766D00B3510C /* controllers */ = {
			isa = PBXGroup;
			children = (
			);
			path = controllers;
			sourceTree = "<group>";
		};
		CE0D15AD286F767900B3510C /* login */ = {
			isa = PBXGroup;
			children = (
				CE0D15B0286F769900B3510C /* views */,
				CE0D15AF286F769300B3510C /* viewModels */,
				CE0D15AE286F768E00B3510C /* controllers */,
			);
			path = login;
			sourceTree = "<group>";
		};
		CE0D15AE286F768E00B3510C /* controllers */ = {
			isa = PBXGroup;
			children = (
			);
			path = controllers;
			sourceTree = "<group>";
		};
		CE0D15AF286F769300B3510C /* viewModels */ = {
			isa = PBXGroup;
			children = (
			);
			path = viewModels;
			sourceTree = "<group>";
		};
		CE0D15B0286F769900B3510C /* views */ = {
			isa = PBXGroup;
			children = (
				CEC2D213288A469500343AAB /* LoginViewController.swift */,
				CEC2D212288A469500343AAB /* LoginViewController.xib */,
			);
			path = views;
			sourceTree = "<group>";
		};
		CE0D15B7286F775300B3510C /* postList */ = {
			isa = PBXGroup;
			children = (
				CE0D15BA286F777100B3510C /* controllers */,
				CE0D15B9286F776B00B3510C /* viewModels */,
				CE0D15B8286F775A00B3510C /* views */,
			);
			path = postList;
			sourceTree = "<group>";
		};
		CE0D15B8286F775A00B3510C /* views */ = {
			isa = PBXGroup;
			children = (
				CE8E89A428768FCE004863A3 /* PostTableViewCell.swift */,
				CE8E89A528768FCE004863A3 /* PostTableViewCell.xib */,
				CE8E8999287521AB004863A3 /* PostListViewController.swift */,
				CE8E899A287521AB004863A3 /* PostListViewController.xib */,
			);
			path = views;
			sourceTree = "<group>";
		};
		CE0D15B9286F776B00B3510C /* viewModels */ = {
			isa = PBXGroup;
			children = (
				CED741A2287D295A000C2AB5 /* PostTableViewModel.swift */,
			);
			path = viewModels;
			sourceTree = "<group>";
		};
		CE0D15BA286F777100B3510C /* controllers */ = {
			isa = PBXGroup;
			children = (
			);
			path = controllers;
			sourceTree = "<group>";
		};
		CE752E992898670E00558467 /* cells */ = {
			isa = PBXGroup;
			children = (
				CE752E9A2898673F00558467 /* ButtonsCollectionViewCell.swift */,
				CE752E9B2898673F00558467 /* ButtonsCollectionViewCell.xib */,
			);
			path = cells;
			sourceTree = "<group>";
		};
		CE8E89A82877B093004863A3 /* chats */ = {
			isa = PBXGroup;
			children = (
				CED7417E287B61CF000C2AB5 /* chatDetail */,
				CE8E89AC2877B0D5004863A3 /* chatList */,
			);
			path = chats;
			sourceTree = "<group>";
		};
		CE8E89A92877B0B3004863A3 /* controllers */ = {
			isa = PBXGroup;
			children = (
			);
			path = controllers;
			sourceTree = "<group>";
		};
		CE8E89AA2877B0BB004863A3 /* viewModels */ = {
			isa = PBXGroup;
			children = (
				CE36427A288DF066001DFC99 /* ChatListViewModel.swift */,
			);
			path = viewModels;
			sourceTree = "<group>";
		};
		CE8E89AB2877B0C1004863A3 /* views */ = {
			isa = PBXGroup;
			children = (
				CE8E89AD2877B10E004863A3 /* ChatTableViewCell.swift */,
				CE8E89AE2877B10E004863A3 /* ChatTableViewCell.xib */,
				CE8E89B12877B130004863A3 /* ChatListViewController.swift */,
				CE8E89B22877B130004863A3 /* ChatListViewController.xib */,
			);
			path = views;
			sourceTree = "<group>";
		};
		CE8E89AC2877B0D5004863A3 /* chatList */ = {
			isa = PBXGroup;
			children = (
				CE8E89AB2877B0C1004863A3 /* views */,
				CE8E89AA2877B0BB004863A3 /* viewModels */,
				CE8E89A92877B0B3004863A3 /* controllers */,
			);
			path = chatList;
			sourceTree = "<group>";
		};
		CE8E89C32877BB22004863A3 /* controllers */ = {
			isa = PBXGroup;
			children = (
			);
			path = controllers;
			sourceTree = "<group>";
		};
		CE8E89C42877BB2D004863A3 /* viewModels */ = {
			isa = PBXGroup;
			children = (
				CE752E952897428F00558467 /* FriendsListViewModel.swift */,
			);
			path = viewModels;
			sourceTree = "<group>";
		};
		CE8E89C52877BB32004863A3 /* views */ = {
			isa = PBXGroup;
			children = (
				CE8E89C62877BB75004863A3 /* FriendTableViewCell.swift */,
				CE8E89C72877BB75004863A3 /* FriendTableViewCell.xib */,
				CE752E992898670E00558467 /* cells */,
				CE8E89CA2877BBB0004863A3 /* FriendListViewController.swift */,
				CE8E89CB2877BBB0004863A3 /* FriendListViewController.xib */,
			);
			path = views;
			sourceTree = "<group>";
		};
		CEA156602877C12B00EDE66D /* settings */ = {
			isa = PBXGroup;
			children = (
				CEA156632877C14700EDE66D /* controllers */,
				CEA156622877C14000EDE66D /* viewModels */,
				CEA156612877C13C00EDE66D /* views */,
			);
			path = settings;
			sourceTree = "<group>";
		};
		CEA156612877C13C00EDE66D /* views */ = {
			isa = PBXGroup;
			children = (
				CEA156642877C16700EDE66D /* SettingsViewController.swift */,
				CEA156652877C16700EDE66D /* SettingsViewController.xib */,
			);
			path = views;
			sourceTree = "<group>";
		};
		CEA156622877C14000EDE66D /* viewModels */ = {
			isa = PBXGroup;
			children = (
				CED741A8287D2C25000C2AB5 /* SettingsViewModel.swift */,
			);
			path = viewModels;
			sourceTree = "<group>";
		};
		CEA156632877C14700EDE66D /* controllers */ = {
			isa = PBXGroup;
			children = (
			);
			path = controllers;
			sourceTree = "<group>";
		};
		CEAEFD7128865D740098CD03 /* views */ = {
			isa = PBXGroup;
			children = (
				CEAEFD7328865D840098CD03 /* ConfirmAlertViewController.swift */,
				CEAEFD7228865D840098CD03 /* ErrorAlert.swift */,
			);
			path = views;
			sourceTree = "<group>";
		};
		CEC2BBD1286C8CB80093E307 /* repository */ = {
			isa = PBXGroup;
			children = (
				CE0D159A286F74E400B3510C /* local */,
				CEC2BBD7286C8D250093E307 /* network */,
				CEC2BBD2286C8CBF0093E307 /* models */,
			);
			path = repository;
			sourceTree = "<group>";
		};
		CEC2BBD2286C8CBF0093E307 /* models */ = {
			isa = PBXGroup;
			children = (
				CEC2BBD3286C8CC70093E307 /* User.swift */,
				CEC2BBD5286C8CE10093E307 /* BaseModel.swift */,
				CED741A4287D2A0D000C2AB5 /* Post.swift */,
				CED741AC287D2C7F000C2AB5 /* Chat.swift */,
				CE79F73A28875ACD00A42B4E /* Reaction.swift */,
				CE752E97289742E000558467 /* Friend.swift */,
			);
			path = models;
			sourceTree = "<group>";
		};
		CEC2BBD7286C8D250093E307 /* network */ = {
			isa = PBXGroup;
			children = (
				CEC2BBD8286C8D2B0093E307 /* managers */,
			);
			path = network;
			sourceTree = "<group>";
		};
		CEC2BBD8286C8D2B0093E307 /* managers */ = {
			isa = PBXGroup;
			children = (
				CEC2BBD9286C8D440093E307 /* FirebaseManager.swift */,
				CE0D15A0286F754A00B3510C /* NetworkManager.swift */,
				CE0D15A2286F757500B3510C /* AuthFirebaseManager.swift */,
				CE38AEA72881038A00B3128D /* FireStoreManager.swift */,
			);
			path = managers;
			sourceTree = "<group>";
		};
		CEC2BBDB286C8E7D0093E307 /* utilities */ = {
			isa = PBXGroup;
			children = (
				CEAEFD7128865D740098CD03 /* views */,
				CEF3F9C5288125B6007A642E /* helpers */,
				CEC2BBDC286C8E910093E307 /* extensions */,
			);
			path = utilities;
			sourceTree = "<group>";
		};
		CEC2BBDC286C8E910093E307 /* extensions */ = {
			isa = PBXGroup;
			children = (
				CEC2BBDD286C8EB10093E307 /* EncodableExtension.swift */,
				CE8E89B52877B6C1004863A3 /* UIImageExtension.swift */,
				CED7417C287B3683000C2AB5 /* UIColorExtension.swift */,
				CED7418F287B8607000C2AB5 /* UIViewExtension.swift */,
				CED74197287BB942000C2AB5 /* StringExtension.swift */,
				CEAEFD7628865F190098CD03 /* UIViewControllerExtension.swift */,
				CE364278288DEE82001DFC99 /* DateExtension.swift */,
				CE364281288F90FA001DFC99 /* UITableViewExtension.swift */,
				CE84152B2899C6BA00DDD0B0 /* ArrayExtension.swift */,
			);
			path = extensions;
			sourceTree = "<group>";
		};
		CED7417E287B61CF000C2AB5 /* chatDetail */ = {
			isa = PBXGroup;
			children = (
				CED7417F287B61D8000C2AB5 /* views */,
				CED74181287B61EC000C2AB5 /* controllers */,
				CED74180287B61DD000C2AB5 /* viewModels */,
			);
			path = chatDetail;
			sourceTree = "<group>";
		};
		CED7417F287B61D8000C2AB5 /* views */ = {
			isa = PBXGroup;
			children = (
				CED7418A287B7E7E000C2AB5 /* cells */,
				CED74182287B6211000C2AB5 /* ChatDetailViewController.swift */,
				CED74183287B6211000C2AB5 /* ChatDetailViewController.xib */,
			);
			path = views;
			sourceTree = "<group>";
		};
		CED74180287B61DD000C2AB5 /* viewModels */ = {
			isa = PBXGroup;
			children = (
				CED741AA287D2C41000C2AB5 /* ChatDetailViewModel.swift */,
			);
			path = viewModels;
			sourceTree = "<group>";
		};
		CED74181287B61EC000C2AB5 /* controllers */ = {
			isa = PBXGroup;
			children = (
			);
			path = controllers;
			sourceTree = "<group>";
		};
		CED7418A287B7E7E000C2AB5 /* cells */ = {
			isa = PBXGroup;
			children = (
				CED74186287B7E77000C2AB5 /* SentMessagesTableViewCell.swift */,
				CED74187287B7E77000C2AB5 /* SentMessagesTableViewCell.xib */,
				CED7418B287B7E9D000C2AB5 /* RecievedMessageTableViewCell.swift */,
				CED7418C287B7E9D000C2AB5 /* RecievedMessageTableViewCell.xib */,
			);
			path = cells;
			sourceTree = "<group>";
		};
		CED74199287BC579000C2AB5 /* profile */ = {
			isa = PBXGroup;
			children = (
				CED7419C287BC58C000C2AB5 /* viewModels */,
				CED7419B287BC584000C2AB5 /* controllers */,
				CED7419A287BC57F000C2AB5 /* views */,
			);
			path = profile;
			sourceTree = "<group>";
		};
		CED7419A287BC57F000C2AB5 /* views */ = {
			isa = PBXGroup;
			children = (
				CED7419D287BC5B2000C2AB5 /* ProfileViewController.swift */,
				CED7419E287BC5B2000C2AB5 /* ProfileViewController.xib */,
			);
			path = views;
			sourceTree = "<group>";
		};
		CED7419B287BC584000C2AB5 /* controllers */ = {
			isa = PBXGroup;
			children = (
			);
			path = controllers;
			sourceTree = "<group>";
		};
		CED7419C287BC58C000C2AB5 /* viewModels */ = {
			isa = PBXGroup;
			children = (
				CED741A6287D2B52000C2AB5 /* ProfileViewModel.swift */,
			);
			path = viewModels;
			sourceTree = "<group>";
		};
		CEF3F9C5288125B6007A642E /* helpers */ = {
			isa = PBXGroup;
			children = (
				CEF3F9C6288125F7007A642E /* DeviceImageLibraryViewController.swift */,
				CEF3F9C7288125F7007A642E /* ImagePickerViewController.swift */,
			);
			path = helpers;
			sourceTree = "<group>";
		};
		CEF3F9D6288462BB007A642E /* postDetail */ = {
			isa = PBXGroup;
			children = (
				CEF3F9D7288462DF007A642E /* PostDetailViewController.swift */,
				CEF3F9D8288462DF007A642E /* PostDetailViewController.xib */,
			);
			path = postDetail;
			sourceTree = "<group>";
		};
/* End PBXGroup section */

/* Begin PBXNativeTarget section */
		CE035A59286C8565006D4288 /* social-network-app */ = {
			isa = PBXNativeTarget;
			buildConfigurationList = CE035A87286C8567006D4288 /* Build configuration list for PBXNativeTarget "social-network-app" */;
			buildPhases = (
				A638E555343BA110107ECC2A /* [CP] Check Pods Manifest.lock */,
				CE035A56286C8565006D4288 /* Sources */,
				CE035A57286C8565006D4288 /* Frameworks */,
				CE035A58286C8565006D4288 /* Resources */,
				EDE502BC7A776F07F5BC8743 /* [CP] Embed Pods Frameworks */,
			);
			buildRules = (
			);
			dependencies = (
			);
			name = "social-network-app";
			packageProductDependencies = (
				CEF3F9BB28812264007A642E /* FirebaseAnalytics */,
				CEF3F9BD28812264007A642E /* FirebaseAuth */,
				CEF3F9BF28812264007A642E /* FirebaseFirestore */,
				CEF3F9C128812264007A642E /* FirebaseStorage */,
			);
			productName = "social-network-app";
			productReference = CE035A5A286C8565006D4288 /* social-network-app.app */;
			productType = "com.apple.product-type.application";
		};
		CE035A72286C8566006D4288 /* social-network-appTests */ = {
			isa = PBXNativeTarget;
			buildConfigurationList = CE035A8A286C8567006D4288 /* Build configuration list for PBXNativeTarget "social-network-appTests" */;
			buildPhases = (
				629EE1CE0B1114E7FE0F0018 /* [CP] Check Pods Manifest.lock */,
				CE035A6F286C8566006D4288 /* Sources */,
				CE035A70286C8566006D4288 /* Frameworks */,
				CE035A71286C8566006D4288 /* Resources */,
			);
			buildRules = (
			);
			dependencies = (
				CE035A75286C8566006D4288 /* PBXTargetDependency */,
			);
			name = "social-network-appTests";
			productName = "social-network-appTests";
			productReference = CE035A73286C8566006D4288 /* social-network-appTests.xctest */;
			productType = "com.apple.product-type.bundle.unit-test";
		};
/* End PBXNativeTarget section */

/* Begin PBXProject section */
		CE035A52286C8565006D4288 /* Project object */ = {
			isa = PBXProject;
			attributes = {
				BuildIndependentTargetsInParallel = 1;
				LastSwiftUpdateCheck = 1340;
				LastUpgradeCheck = 1340;
				TargetAttributes = {
					CE035A59286C8565006D4288 = {
						CreatedOnToolsVersion = 13.4;
					};
					CE035A72286C8566006D4288 = {
						CreatedOnToolsVersion = 13.4;
						TestTargetID = CE035A59286C8565006D4288;
					};
				};
			};
			buildConfigurationList = CE035A55286C8565006D4288 /* Build configuration list for PBXProject "social-network-app" */;
			compatibilityVersion = "Xcode 13.0";
			developmentRegion = en;
			hasScannedForEncodings = 0;
			knownRegions = (
				en,
				Base,
			);
			mainGroup = CE035A51286C8565006D4288;
			packageReferences = (
				CEF3F9BA28812264007A642E /* XCRemoteSwiftPackageReference "firebase-ios-sdk" */,
			);
			productRefGroup = CE035A5B286C8565006D4288 /* Products */;
			projectDirPath = "";
			projectRoot = "";
			targets = (
				CE035A59286C8565006D4288 /* social-network-app */,
				CE035A72286C8566006D4288 /* social-network-appTests */,
			);
		};
/* End PBXProject section */

/* Begin PBXResourcesBuildPhase section */
		CE035A58286C8565006D4288 /* Resources */ = {
			isa = PBXResourcesBuildPhase;
			buildActionMask = 2147483647;
			files = (
				CE8E89CD2877BBB0004863A3 /* FriendListViewController.xib in Resources */,
				CED7418E287B7E9D000C2AB5 /* RecievedMessageTableViewCell.xib in Resources */,
				CE8E899C287521AB004863A3 /* PostListViewController.xib in Resources */,
				CE8E89B02877B10E004863A3 /* ChatTableViewCell.xib in Resources */,
				CEC2D219288A46A300343AAB /* SignUpViewController.xib in Resources */,
				CE035A6D286C8566006D4288 /* LaunchScreen.storyboard in Resources */,
				CE035A91286C865E006D4288 /* GoogleService-Info.plist in Resources */,
				CED74185287B6211000C2AB5 /* ChatDetailViewController.xib in Resources */,
				CE8E89C92877BB75004863A3 /* FriendTableViewCell.xib in Resources */,
				CEC2D214288A469500343AAB /* LoginViewController.xib in Resources */,
				CEF3F9DA288462DF007A642E /* PostDetailViewController.xib in Resources */,
				CEA156672877C16700EDE66D /* SettingsViewController.xib in Resources */,
				CED741A0287BC5B2000C2AB5 /* ProfileViewController.xib in Resources */,
				CED74189287B7E77000C2AB5 /* SentMessagesTableViewCell.xib in Resources */,
				CE8E89A728768FCE004863A3 /* PostTableViewCell.xib in Resources */,
				CE035A6A286C8566006D4288 /* Assets.xcassets in Resources */,
				CE752E9D2898673F00558467 /* ButtonsCollectionViewCell.xib in Resources */,
				CE84152E289A2BD600DDD0B0 /* Main.storyboard in Resources */,
				CE8E89B42877B130004863A3 /* ChatListViewController.xib in Resources */,
			);
			runOnlyForDeploymentPostprocessing = 0;
		};
		CE035A71286C8566006D4288 /* Resources */ = {
			isa = PBXResourcesBuildPhase;
			buildActionMask = 2147483647;
			files = (
			);
			runOnlyForDeploymentPostprocessing = 0;
		};
/* End PBXResourcesBuildPhase section */

/* Begin PBXShellScriptBuildPhase section */
		629EE1CE0B1114E7FE0F0018 /* [CP] Check Pods Manifest.lock */ = {
			isa = PBXShellScriptBuildPhase;
			buildActionMask = 2147483647;
			files = (
			);
			inputFileListPaths = (
			);
			inputPaths = (
				"${PODS_PODFILE_DIR_PATH}/Podfile.lock",
				"${PODS_ROOT}/Manifest.lock",
			);
			name = "[CP] Check Pods Manifest.lock";
			outputFileListPaths = (
			);
			outputPaths = (
				"$(DERIVED_FILE_DIR)/Pods-social-network-appTests-checkManifestLockResult.txt",
			);
			runOnlyForDeploymentPostprocessing = 0;
			shellPath = /bin/sh;
			shellScript = "diff \"${PODS_PODFILE_DIR_PATH}/Podfile.lock\" \"${PODS_ROOT}/Manifest.lock\" > /dev/null\nif [ $? != 0 ] ; then\n    # print error to STDERR\n    echo \"error: The sandbox is not in sync with the Podfile.lock. Run 'pod install' or update your CocoaPods installation.\" >&2\n    exit 1\nfi\n# This output is used by Xcode 'outputs' to avoid re-running this script phase.\necho \"SUCCESS\" > \"${SCRIPT_OUTPUT_FILE_0}\"\n";
			showEnvVarsInLog = 0;
		};
		A638E555343BA110107ECC2A /* [CP] Check Pods Manifest.lock */ = {
			isa = PBXShellScriptBuildPhase;
			buildActionMask = 2147483647;
			files = (
			);
			inputFileListPaths = (
			);
			inputPaths = (
				"${PODS_PODFILE_DIR_PATH}/Podfile.lock",
				"${PODS_ROOT}/Manifest.lock",
			);
			name = "[CP] Check Pods Manifest.lock";
			outputFileListPaths = (
			);
			outputPaths = (
				"$(DERIVED_FILE_DIR)/Pods-social-network-app-checkManifestLockResult.txt",
			);
			runOnlyForDeploymentPostprocessing = 0;
			shellPath = /bin/sh;
			shellScript = "diff \"${PODS_PODFILE_DIR_PATH}/Podfile.lock\" \"${PODS_ROOT}/Manifest.lock\" > /dev/null\nif [ $? != 0 ] ; then\n    # print error to STDERR\n    echo \"error: The sandbox is not in sync with the Podfile.lock. Run 'pod install' or update your CocoaPods installation.\" >&2\n    exit 1\nfi\n# This output is used by Xcode 'outputs' to avoid re-running this script phase.\necho \"SUCCESS\" > \"${SCRIPT_OUTPUT_FILE_0}\"\n";
			showEnvVarsInLog = 0;
		};
		EDE502BC7A776F07F5BC8743 /* [CP] Embed Pods Frameworks */ = {
			isa = PBXShellScriptBuildPhase;
			buildActionMask = 2147483647;
			files = (
			);
			inputFileListPaths = (
				"${PODS_ROOT}/Target Support Files/Pods-social-network-app/Pods-social-network-app-frameworks-${CONFIGURATION}-input-files.xcfilelist",
			);
			name = "[CP] Embed Pods Frameworks";
			outputFileListPaths = (
				"${PODS_ROOT}/Target Support Files/Pods-social-network-app/Pods-social-network-app-frameworks-${CONFIGURATION}-output-files.xcfilelist",
			);
			runOnlyForDeploymentPostprocessing = 0;
			shellPath = /bin/sh;
			shellScript = "\"${PODS_ROOT}/Target Support Files/Pods-social-network-app/Pods-social-network-app-frameworks.sh\"\n";
			showEnvVarsInLog = 0;
		};
/* End PBXShellScriptBuildPhase section */

/* Begin PBXSourcesBuildPhase section */
		CE035A56286C8565006D4288 /* Sources */ = {
			isa = PBXSourcesBuildPhase;
			buildActionMask = 2147483647;
			files = (
				CEC2BBD6286C8CE10093E307 /* BaseModel.swift in Sources */,
				CED741A3287D295A000C2AB5 /* PostTableViewModel.swift in Sources */,
				CE8E89B62877B6C1004863A3 /* UIImageExtension.swift in Sources */,
				CEAEFD7728865F190098CD03 /* UIViewControllerExtension.swift in Sources */,
				CED74188287B7E77000C2AB5 /* SentMessagesTableViewCell.swift in Sources */,
				CEA156662877C16700EDE66D /* SettingsViewController.swift in Sources */,
				CE8E89B32877B130004863A3 /* ChatListViewController.swift in Sources */,
				CED7419F287BC5B2000C2AB5 /* ProfileViewController.swift in Sources */,
				CEAEFD7528865D840098CD03 /* ConfirmAlertViewController.swift in Sources */,
				CE0D15A1286F754A00B3510C /* NetworkManager.swift in Sources */,
				CEC2BBDA286C8D440093E307 /* FirebaseManager.swift in Sources */,
				CE035A5E286C8565006D4288 /* AppDelegate.swift in Sources */,
				CED7417D287B3683000C2AB5 /* UIColorExtension.swift in Sources */,
				CE752E9C2898673F00558467 /* ButtonsCollectionViewCell.swift in Sources */,
				CE8E899B287521AB004863A3 /* PostListViewController.swift in Sources */,
				CEF3F9C8288125F7007A642E /* DeviceImageLibraryViewController.swift in Sources */,
				CE0D15A3286F757500B3510C /* AuthFirebaseManager.swift in Sources */,
				CE84152C2899C6BA00DDD0B0 /* ArrayExtension.swift in Sources */,
				CED7418D287B7E9D000C2AB5 /* RecievedMessageTableViewCell.swift in Sources */,
				CE72B1472888E50B00075C01 /* DefaultsManager.swift in Sources */,
				CEAEFD7428865D840098CD03 /* ErrorAlert.swift in Sources */,
				CED74184287B6211000C2AB5 /* ChatDetailViewController.swift in Sources */,
				CE8E89A628768FCE004863A3 /* PostTableViewCell.swift in Sources */,
				CE752E98289742E000558467 /* Friend.swift in Sources */,
				CEC2D218288A46A300343AAB /* SignUpViewController.swift in Sources */,
				CEF3F9C9288125F7007A642E /* ImagePickerViewController.swift in Sources */,
				CED741A9287D2C25000C2AB5 /* SettingsViewModel.swift in Sources */,
				CED741AB287D2C41000C2AB5 /* ChatDetailViewModel.swift in Sources */,
				CE8E89C82877BB75004863A3 /* FriendTableViewCell.swift in Sources */,
				CE035A60286C8565006D4288 /* SceneDelegate.swift in Sources */,
				CE364282288F90FA001DFC99 /* UITableViewExtension.swift in Sources */,
				CE36427B288DF066001DFC99 /* ChatListViewModel.swift in Sources */,
				CEC2BBDE286C8EB10093E307 /* EncodableExtension.swift in Sources */,
				CEF3F9D9288462DF007A642E /* PostDetailViewController.swift in Sources */,
				CE0D159F286F752100B3510C /* CoreDataManager.swift in Sources */,
				CE364279288DEE82001DFC99 /* DateExtension.swift in Sources */,
				CED741A5287D2A0D000C2AB5 /* Post.swift in Sources */,
				CED74190287B8607000C2AB5 /* UIViewExtension.swift in Sources */,
				CE79F73B28875ACD00A42B4E /* Reaction.swift in Sources */,
				CEF3F9CB28813996007A642E /* ImageManager.swift in Sources */,
				CEC2D215288A469500343AAB /* LoginViewController.swift in Sources */,
				CED741A7287D2B52000C2AB5 /* ProfileViewModel.swift in Sources */,
				CE752E962897428F00558467 /* FriendsListViewModel.swift in Sources */,
				CE8E89CC2877BBB0004863A3 /* FriendListViewController.swift in Sources */,
				CED741AD287D2C7F000C2AB5 /* Chat.swift in Sources */,
				CE8E89AF2877B10E004863A3 /* ChatTableViewCell.swift in Sources */,
				CEC2BBD4286C8CC70093E307 /* User.swift in Sources */,
				CED74198287BB942000C2AB5 /* StringExtension.swift in Sources */,
				CE035A68286C8565006D4288 /* social_network_app.xcdatamodeld in Sources */,
				CE38AEA82881038A00B3128D /* FireStoreManager.swift in Sources */,
			);
			runOnlyForDeploymentPostprocessing = 0;
		};
		CE035A6F286C8566006D4288 /* Sources */ = {
			isa = PBXSourcesBuildPhase;
			buildActionMask = 2147483647;
			files = (
				CE035A78286C8566006D4288 /* social_network_appTests.swift in Sources */,
			);
			runOnlyForDeploymentPostprocessing = 0;
		};
/* End PBXSourcesBuildPhase section */

/* Begin PBXTargetDependency section */
		CE035A75286C8566006D4288 /* PBXTargetDependency */ = {
			isa = PBXTargetDependency;
			target = CE035A59286C8565006D4288 /* social-network-app */;
			targetProxy = CE035A74286C8566006D4288 /* PBXContainerItemProxy */;
		};
/* End PBXTargetDependency section */

/* Begin PBXVariantGroup section */
		CE035A6B286C8566006D4288 /* LaunchScreen.storyboard */ = {
			isa = PBXVariantGroup;
			children = (
				CE035A6C286C8566006D4288 /* Base */,
			);
			name = LaunchScreen.storyboard;
			sourceTree = "<group>";
		};
/* End PBXVariantGroup section */

/* Begin XCBuildConfiguration section */
		CE035A85286C8567006D4288 /* Debug */ = {
			isa = XCBuildConfiguration;
			buildSettings = {
				ALWAYS_SEARCH_USER_PATHS = NO;
				CLANG_ANALYZER_NONNULL = YES;
				CLANG_ANALYZER_NUMBER_OBJECT_CONVERSION = YES_AGGRESSIVE;
				CLANG_CXX_LANGUAGE_STANDARD = "gnu++17";
				CLANG_ENABLE_MODULES = YES;
				CLANG_ENABLE_OBJC_ARC = YES;
				CLANG_ENABLE_OBJC_WEAK = YES;
				CLANG_WARN_BLOCK_CAPTURE_AUTORELEASING = YES;
				CLANG_WARN_BOOL_CONVERSION = YES;
				CLANG_WARN_COMMA = YES;
				CLANG_WARN_CONSTANT_CONVERSION = YES;
				CLANG_WARN_DEPRECATED_OBJC_IMPLEMENTATIONS = YES;
				CLANG_WARN_DIRECT_OBJC_ISA_USAGE = YES_ERROR;
				CLANG_WARN_DOCUMENTATION_COMMENTS = YES;
				CLANG_WARN_EMPTY_BODY = YES;
				CLANG_WARN_ENUM_CONVERSION = YES;
				CLANG_WARN_INFINITE_RECURSION = YES;
				CLANG_WARN_INT_CONVERSION = YES;
				CLANG_WARN_NON_LITERAL_NULL_CONVERSION = YES;
				CLANG_WARN_OBJC_IMPLICIT_RETAIN_SELF = YES;
				CLANG_WARN_OBJC_LITERAL_CONVERSION = YES;
				CLANG_WARN_OBJC_ROOT_CLASS = YES_ERROR;
				CLANG_WARN_QUOTED_INCLUDE_IN_FRAMEWORK_HEADER = YES;
				CLANG_WARN_RANGE_LOOP_ANALYSIS = YES;
				CLANG_WARN_STRICT_PROTOTYPES = YES;
				CLANG_WARN_SUSPICIOUS_MOVE = YES;
				CLANG_WARN_UNGUARDED_AVAILABILITY = YES_AGGRESSIVE;
				CLANG_WARN_UNREACHABLE_CODE = YES;
				CLANG_WARN__DUPLICATE_METHOD_MATCH = YES;
				COPY_PHASE_STRIP = NO;
				DEBUG_INFORMATION_FORMAT = dwarf;
				ENABLE_STRICT_OBJC_MSGSEND = YES;
				ENABLE_TESTABILITY = YES;
				GCC_C_LANGUAGE_STANDARD = gnu11;
				GCC_DYNAMIC_NO_PIC = NO;
				GCC_NO_COMMON_BLOCKS = YES;
				GCC_OPTIMIZATION_LEVEL = 0;
				GCC_PREPROCESSOR_DEFINITIONS = (
					"DEBUG=1",
					"$(inherited)",
				);
				GCC_WARN_64_TO_32_BIT_CONVERSION = YES;
				GCC_WARN_ABOUT_RETURN_TYPE = YES_ERROR;
				GCC_WARN_UNDECLARED_SELECTOR = YES;
				GCC_WARN_UNINITIALIZED_AUTOS = YES_AGGRESSIVE;
				GCC_WARN_UNUSED_FUNCTION = YES;
				GCC_WARN_UNUSED_VARIABLE = YES;
				IPHONEOS_DEPLOYMENT_TARGET = 15.5;
				MTL_ENABLE_DEBUG_INFO = INCLUDE_SOURCE;
				MTL_FAST_MATH = YES;
				ONLY_ACTIVE_ARCH = YES;
				SDKROOT = iphoneos;
				SWIFT_ACTIVE_COMPILATION_CONDITIONS = DEBUG;
				SWIFT_OPTIMIZATION_LEVEL = "-Onone";
			};
			name = Debug;
		};
		CE035A86286C8567006D4288 /* Release */ = {
			isa = XCBuildConfiguration;
			buildSettings = {
				ALWAYS_SEARCH_USER_PATHS = NO;
				CLANG_ANALYZER_NONNULL = YES;
				CLANG_ANALYZER_NUMBER_OBJECT_CONVERSION = YES_AGGRESSIVE;
				CLANG_CXX_LANGUAGE_STANDARD = "gnu++17";
				CLANG_ENABLE_MODULES = YES;
				CLANG_ENABLE_OBJC_ARC = YES;
				CLANG_ENABLE_OBJC_WEAK = YES;
				CLANG_WARN_BLOCK_CAPTURE_AUTORELEASING = YES;
				CLANG_WARN_BOOL_CONVERSION = YES;
				CLANG_WARN_COMMA = YES;
				CLANG_WARN_CONSTANT_CONVERSION = YES;
				CLANG_WARN_DEPRECATED_OBJC_IMPLEMENTATIONS = YES;
				CLANG_WARN_DIRECT_OBJC_ISA_USAGE = YES_ERROR;
				CLANG_WARN_DOCUMENTATION_COMMENTS = YES;
				CLANG_WARN_EMPTY_BODY = YES;
				CLANG_WARN_ENUM_CONVERSION = YES;
				CLANG_WARN_INFINITE_RECURSION = YES;
				CLANG_WARN_INT_CONVERSION = YES;
				CLANG_WARN_NON_LITERAL_NULL_CONVERSION = YES;
				CLANG_WARN_OBJC_IMPLICIT_RETAIN_SELF = YES;
				CLANG_WARN_OBJC_LITERAL_CONVERSION = YES;
				CLANG_WARN_OBJC_ROOT_CLASS = YES_ERROR;
				CLANG_WARN_QUOTED_INCLUDE_IN_FRAMEWORK_HEADER = YES;
				CLANG_WARN_RANGE_LOOP_ANALYSIS = YES;
				CLANG_WARN_STRICT_PROTOTYPES = YES;
				CLANG_WARN_SUSPICIOUS_MOVE = YES;
				CLANG_WARN_UNGUARDED_AVAILABILITY = YES_AGGRESSIVE;
				CLANG_WARN_UNREACHABLE_CODE = YES;
				CLANG_WARN__DUPLICATE_METHOD_MATCH = YES;
				COPY_PHASE_STRIP = NO;
				DEBUG_INFORMATION_FORMAT = "dwarf-with-dsym";
				ENABLE_NS_ASSERTIONS = NO;
				ENABLE_STRICT_OBJC_MSGSEND = YES;
				GCC_C_LANGUAGE_STANDARD = gnu11;
				GCC_NO_COMMON_BLOCKS = YES;
				GCC_WARN_64_TO_32_BIT_CONVERSION = YES;
				GCC_WARN_ABOUT_RETURN_TYPE = YES_ERROR;
				GCC_WARN_UNDECLARED_SELECTOR = YES;
				GCC_WARN_UNINITIALIZED_AUTOS = YES_AGGRESSIVE;
				GCC_WARN_UNUSED_FUNCTION = YES;
				GCC_WARN_UNUSED_VARIABLE = YES;
				IPHONEOS_DEPLOYMENT_TARGET = 15.5;
				MTL_ENABLE_DEBUG_INFO = NO;
				MTL_FAST_MATH = YES;
				SDKROOT = iphoneos;
				SWIFT_COMPILATION_MODE = wholemodule;
				SWIFT_OPTIMIZATION_LEVEL = "-O";
				VALIDATE_PRODUCT = YES;
			};
			name = Release;
		};
		CE035A88286C8567006D4288 /* Debug */ = {
			isa = XCBuildConfiguration;
			baseConfigurationReference = 31595CEFFF94EFC232808D6C /* Pods-social-network-app.debug.xcconfig */;
			buildSettings = {
				ASSETCATALOG_COMPILER_APPICON_NAME = AppIcon;
				ASSETCATALOG_COMPILER_GLOBAL_ACCENT_COLOR_NAME = AccentColor;
				CODE_SIGN_STYLE = Automatic;
				CURRENT_PROJECT_VERSION = 1;
				DEVELOPMENT_TEAM = 9GDGJZFPVD;
				GENERATE_INFOPLIST_FILE = YES;
				INFOPLIST_FILE = "social-network-app/Info.plist";
				INFOPLIST_KEY_CFBundleDisplayName = "Social Network";
				INFOPLIST_KEY_NSMainNibFile = LoginViewController;
				INFOPLIST_KEY_NSPhotoLibraryUsageDescription = "Photo access request";
				INFOPLIST_KEY_UIApplicationSupportsIndirectInputEvents = YES;
				INFOPLIST_KEY_UILaunchStoryboardName = LaunchScreen;
				INFOPLIST_KEY_UISupportedInterfaceOrientations_iPad = "UIInterfaceOrientationPortrait UIInterfaceOrientationPortraitUpsideDown UIInterfaceOrientationLandscapeLeft UIInterfaceOrientationLandscapeRight";
				INFOPLIST_KEY_UISupportedInterfaceOrientations_iPhone = "UIInterfaceOrientationPortrait UIInterfaceOrientationLandscapeLeft UIInterfaceOrientationLandscapeRight";
				LD_RUNPATH_SEARCH_PATHS = (
					"$(inherited)",
					"@executable_path/Frameworks",
				);
				MARKETING_VERSION = 1.0;
				PRODUCT_BUNDLE_IDENTIFIER = "com.ioan.social-network-app";
				PRODUCT_NAME = "$(TARGET_NAME)";
				SWIFT_EMIT_LOC_STRINGS = YES;
				SWIFT_VERSION = 5.0;
				TARGETED_DEVICE_FAMILY = "1,2";
			};
			name = Debug;
		};
		CE035A89286C8567006D4288 /* Release */ = {
			isa = XCBuildConfiguration;
			baseConfigurationReference = 0D1E910C8CA6543CEBF361E1 /* Pods-social-network-app.release.xcconfig */;
			buildSettings = {
				ASSETCATALOG_COMPILER_APPICON_NAME = AppIcon;
				ASSETCATALOG_COMPILER_GLOBAL_ACCENT_COLOR_NAME = AccentColor;
				CODE_SIGN_STYLE = Automatic;
				CURRENT_PROJECT_VERSION = 1;
				DEVELOPMENT_TEAM = 9GDGJZFPVD;
				GENERATE_INFOPLIST_FILE = YES;
				INFOPLIST_FILE = "social-network-app/Info.plist";
				INFOPLIST_KEY_CFBundleDisplayName = "Social Network";
				INFOPLIST_KEY_NSMainNibFile = LoginViewController;
				INFOPLIST_KEY_NSPhotoLibraryUsageDescription = "Photo access request";
				INFOPLIST_KEY_UIApplicationSupportsIndirectInputEvents = YES;
				INFOPLIST_KEY_UILaunchStoryboardName = LaunchScreen;
				INFOPLIST_KEY_UISupportedInterfaceOrientations_iPad = "UIInterfaceOrientationPortrait UIInterfaceOrientationPortraitUpsideDown UIInterfaceOrientationLandscapeLeft UIInterfaceOrientationLandscapeRight";
				INFOPLIST_KEY_UISupportedInterfaceOrientations_iPhone = "UIInterfaceOrientationPortrait UIInterfaceOrientationLandscapeLeft UIInterfaceOrientationLandscapeRight";
				LD_RUNPATH_SEARCH_PATHS = (
					"$(inherited)",
					"@executable_path/Frameworks",
				);
				MARKETING_VERSION = 1.0;
				PRODUCT_BUNDLE_IDENTIFIER = "com.ioan.social-network-app";
				PRODUCT_NAME = "$(TARGET_NAME)";
				SWIFT_EMIT_LOC_STRINGS = YES;
				SWIFT_VERSION = 5.0;
				TARGETED_DEVICE_FAMILY = "1,2";
			};
			name = Release;
		};
		CE035A8B286C8567006D4288 /* Debug */ = {
			isa = XCBuildConfiguration;
			baseConfigurationReference = 31CB66FC0D8D50985CAC5FF5 /* Pods-social-network-appTests.debug.xcconfig */;
			buildSettings = {
				ALWAYS_EMBED_SWIFT_STANDARD_LIBRARIES = YES;
				BUNDLE_LOADER = "$(TEST_HOST)";
				CODE_SIGN_STYLE = Automatic;
				CURRENT_PROJECT_VERSION = 1;
				GENERATE_INFOPLIST_FILE = YES;
				IPHONEOS_DEPLOYMENT_TARGET = 15.5;
				MARKETING_VERSION = 1.0;
				PRODUCT_BUNDLE_IDENTIFIER = "com.ioan.social-network-appTests";
				PRODUCT_NAME = "$(TARGET_NAME)";
				SWIFT_EMIT_LOC_STRINGS = NO;
				SWIFT_VERSION = 5.0;
				TARGETED_DEVICE_FAMILY = "1,2";
				TEST_HOST = "$(BUILT_PRODUCTS_DIR)/social-network-app.app/social-network-app";
			};
			name = Debug;
		};
		CE035A8C286C8567006D4288 /* Release */ = {
			isa = XCBuildConfiguration;
			baseConfigurationReference = 2D4E336DEB4C63A6ED070B6F /* Pods-social-network-appTests.release.xcconfig */;
			buildSettings = {
				ALWAYS_EMBED_SWIFT_STANDARD_LIBRARIES = YES;
				BUNDLE_LOADER = "$(TEST_HOST)";
				CODE_SIGN_STYLE = Automatic;
				CURRENT_PROJECT_VERSION = 1;
				GENERATE_INFOPLIST_FILE = YES;
				IPHONEOS_DEPLOYMENT_TARGET = 15.5;
				MARKETING_VERSION = 1.0;
				PRODUCT_BUNDLE_IDENTIFIER = "com.ioan.social-network-appTests";
				PRODUCT_NAME = "$(TARGET_NAME)";
				SWIFT_EMIT_LOC_STRINGS = NO;
				SWIFT_VERSION = 5.0;
				TARGETED_DEVICE_FAMILY = "1,2";
				TEST_HOST = "$(BUILT_PRODUCTS_DIR)/social-network-app.app/social-network-app";
			};
			name = Release;
		};
/* End XCBuildConfiguration section */

/* Begin XCConfigurationList section */
		CE035A55286C8565006D4288 /* Build configuration list for PBXProject "social-network-app" */ = {
			isa = XCConfigurationList;
			buildConfigurations = (
				CE035A85286C8567006D4288 /* Debug */,
				CE035A86286C8567006D4288 /* Release */,
			);
			defaultConfigurationIsVisible = 0;
			defaultConfigurationName = Release;
		};
		CE035A87286C8567006D4288 /* Build configuration list for PBXNativeTarget "social-network-app" */ = {
			isa = XCConfigurationList;
			buildConfigurations = (
				CE035A88286C8567006D4288 /* Debug */,
				CE035A89286C8567006D4288 /* Release */,
			);
			defaultConfigurationIsVisible = 0;
			defaultConfigurationName = Release;
		};
		CE035A8A286C8567006D4288 /* Build configuration list for PBXNativeTarget "social-network-appTests" */ = {
			isa = XCConfigurationList;
			buildConfigurations = (
				CE035A8B286C8567006D4288 /* Debug */,
				CE035A8C286C8567006D4288 /* Release */,
			);
			defaultConfigurationIsVisible = 0;
			defaultConfigurationName = Release;
		};
/* End XCConfigurationList section */

/* Begin XCRemoteSwiftPackageReference section */
		CEF3F9BA28812264007A642E /* XCRemoteSwiftPackageReference "firebase-ios-sdk" */ = {
			isa = XCRemoteSwiftPackageReference;
			repositoryURL = "https://github.com/firebase/firebase-ios-sdk";
			requirement = {
				branch = master;
				kind = branch;
			};
		};
/* End XCRemoteSwiftPackageReference section */

/* Begin XCSwiftPackageProductDependency section */
		CEF3F9BB28812264007A642E /* FirebaseAnalytics */ = {
			isa = XCSwiftPackageProductDependency;
			package = CEF3F9BA28812264007A642E /* XCRemoteSwiftPackageReference "firebase-ios-sdk" */;
			productName = FirebaseAnalytics;
		};
		CEF3F9BD28812264007A642E /* FirebaseAuth */ = {
			isa = XCSwiftPackageProductDependency;
			package = CEF3F9BA28812264007A642E /* XCRemoteSwiftPackageReference "firebase-ios-sdk" */;
			productName = FirebaseAuth;
		};
		CEF3F9BF28812264007A642E /* FirebaseFirestore */ = {
			isa = XCSwiftPackageProductDependency;
			package = CEF3F9BA28812264007A642E /* XCRemoteSwiftPackageReference "firebase-ios-sdk" */;
			productName = FirebaseFirestore;
		};
		CEF3F9C128812264007A642E /* FirebaseStorage */ = {
			isa = XCSwiftPackageProductDependency;
			package = CEF3F9BA28812264007A642E /* XCRemoteSwiftPackageReference "firebase-ios-sdk" */;
			productName = FirebaseStorage;
		};
/* End XCSwiftPackageProductDependency section */

/* Begin XCVersionGroup section */
		CE035A66286C8565006D4288 /* social_network_app.xcdatamodeld */ = {
			isa = XCVersionGroup;
			children = (
				CE035A67286C8565006D4288 /* social_network_app.xcdatamodel */,
			);
			currentVersion = CE035A67286C8565006D4288 /* social_network_app.xcdatamodel */;
			path = social_network_app.xcdatamodeld;
			sourceTree = "<group>";
			versionGroupType = wrapper.xcdatamodel;
		};
/* End XCVersionGroup section */
	};
	rootObject = CE035A52286C8565006D4288 /* Project object */;
}
